
Microsoft Visual Studio Solution File, Format Version 12.00
# Visual Studio Version 17
VisualStudioVersion = 17.0.31903.59
MinimumVisualStudioVersion = 10.0.40219.1
Project("{FAE04EC0-301F-11D3-BF4B-00C04F79EFBC}") = "Oip", "Oip\Oip.csproj", "{672A7BED-699B-486C-A0FC-F066AC588A7B}"
EndProject
Project("{FAE04EC0-301F-11D3-BF4B-00C04F79EFBC}") = "Oip.Module.Example", "Oip.Module.Example\Oip.Module.Example.csproj", "{2F562F31-B36E-4EC8-8F54-4F19F11D73B2}"
EndProject
Project("{2150E333-8FDC-42A3-9474-1A3956D46DE8}") = "SolutionFile", "SolutionFile", "{8A10B92E-9699-4796-AE1A-119AE3816ED0}"
	ProjectSection(SolutionItems) = preProject
		README.md = README.md
	EndProjectSection
EndProject
Project("{FAE04EC0-301F-11D3-BF4B-00C04F79EFBC}") = "Oip.Base", "Oip.Base\Oip.Base.csproj", "{4D4422DD-26D7-4141-B75E-8AC8AD889FBF}"
EndProject
Project("{2150E333-8FDC-42A3-9474-1A3956D46DE8}") = "Settings", "Settings", "{3E568419-974F-473F-8BB9-E63F5DEAD2F2}"
EndProject
Project("{FAE04EC0-301F-11D3-BF4B-00C04F79EFBC}") = "Oip.Settings", "Oip.Settings\Oip.Settings.csproj", "{D02836BE-B1E7-43D8-90D1-3A9A223DCE27}"
EndProject
Project("{FAE04EC0-301F-11D3-BF4B-00C04F79EFBC}") = "Oip.Settings.Example", "Oip.Settings.Example\Oip.Settings.Example.csproj", "{FA55734F-6ACE-4D48-AC75-64184FCC2942}"
EndProject
Project("{FAE04EC0-301F-11D3-BF4B-00C04F79EFBC}") = "Oip.Settings.Tests", "Oip.Settings.Tests\Oip.Settings.Tests.csproj", "{CE56600D-93FF-4058-A459-D48E4851CE5D}"
EndProject
Project("{2150E333-8FDC-42A3-9474-1A3956D46DE8}") = "Modules", "Modules", "{39A523DD-961A-4EA3-836F-CFC174F06CCF}"
EndProject
Global
	GlobalSection(SolutionConfigurationPlatforms) = preSolution
		Debug|Any CPU = Debug|Any CPU
		Release|Any CPU = Release|Any CPU
	EndGlobalSection
	GlobalSection(SolutionProperties) = preSolution
		HideSolutionNode = FALSE
	EndGlobalSection
	GlobalSection(ProjectConfigurationPlatforms) = postSolution
		{672A7BED-699B-486C-A0FC-F066AC588A7B}.Debug|Any CPU.ActiveCfg = Debug|Any CPU
		{672A7BED-699B-486C-A0FC-F066AC588A7B}.Debug|Any CPU.Build.0 = Debug|Any CPU
		{672A7BED-699B-486C-A0FC-F066AC588A7B}.Release|Any CPU.ActiveCfg = Release|Any CPU
		{672A7BED-699B-486C-A0FC-F066AC588A7B}.Release|Any CPU.Build.0 = Release|Any CPU
		{2F562F31-B36E-4EC8-8F54-4F19F11D73B2}.Debug|Any CPU.ActiveCfg = Debug|Any CPU
		{2F562F31-B36E-4EC8-8F54-4F19F11D73B2}.Debug|Any CPU.Build.0 = Debug|Any CPU
		{2F562F31-B36E-4EC8-8F54-4F19F11D73B2}.Release|Any CPU.ActiveCfg = Release|Any CPU
		{2F562F31-B36E-4EC8-8F54-4F19F11D73B2}.Release|Any CPU.Build.0 = Release|Any CPU
		{4D4422DD-26D7-4141-B75E-8AC8AD889FBF}.Debug|Any CPU.ActiveCfg = Debug|Any CPU
		{4D4422DD-26D7-4141-B75E-8AC8AD889FBF}.Debug|Any CPU.Build.0 = Debug|Any CPU
		{4D4422DD-26D7-4141-B75E-8AC8AD889FBF}.Release|Any CPU.ActiveCfg = Release|Any CPU
		{4D4422DD-26D7-4141-B75E-8AC8AD889FBF}.Release|Any CPU.Build.0 = Release|Any CPU
		{D02836BE-B1E7-43D8-90D1-3A9A223DCE27}.Debug|Any CPU.ActiveCfg = Debug|Any CPU
		{D02836BE-B1E7-43D8-90D1-3A9A223DCE27}.Debug|Any CPU.Build.0 = Debug|Any CPU
		{D02836BE-B1E7-43D8-90D1-3A9A223DCE27}.Release|Any CPU.ActiveCfg = Release|Any CPU
		{D02836BE-B1E7-43D8-90D1-3A9A223DCE27}.Release|Any CPU.Build.0 = Release|Any CPU
		{FA55734F-6ACE-4D48-AC75-64184FCC2942}.Debug|Any CPU.ActiveCfg = Debug|Any CPU
		{FA55734F-6ACE-4D48-AC75-64184FCC2942}.Debug|Any CPU.Build.0 = Debug|Any CPU
		{FA55734F-6ACE-4D48-AC75-64184FCC2942}.Release|Any CPU.ActiveCfg = Release|Any CPU
		{FA55734F-6ACE-4D48-AC75-64184FCC2942}.Release|Any CPU.Build.0 = Release|Any CPU
		{CE56600D-93FF-4058-A459-D48E4851CE5D}.Debug|Any CPU.ActiveCfg = Debug|Any CPU
		{CE56600D-93FF-4058-A459-D48E4851CE5D}.Debug|Any CPU.Build.0 = Debug|Any CPU
		{CE56600D-93FF-4058-A459-D48E4851CE5D}.Release|Any CPU.ActiveCfg = Release|Any CPU
		{CE56600D-93FF-4058-A459-D48E4851CE5D}.Release|Any CPU.Build.0 = Release|Any CPU
	EndGlobalSection
	GlobalSection(NestedProjects) = preSolution
		{D02836BE-B1E7-43D8-90D1-3A9A223DCE27} = {3E568419-974F-473F-8BB9-E63F5DEAD2F2}
		{FA55734F-6ACE-4D48-AC75-64184FCC2942} = {3E568419-974F-473F-8BB9-E63F5DEAD2F2}
		{CE56600D-93FF-4058-A459-D48E4851CE5D} = {3E568419-974F-473F-8BB9-E63F5DEAD2F2}
		{2F562F31-B36E-4EC8-8F54-4F19F11D73B2} = {39A523DD-961A-4EA3-836F-CFC174F06CCF}
	EndGlobalSection
EndGlobal
