
Microsoft Visual Studio Solution File, Format Version 12.00
# Visual Studio Version 17
VisualStudioVersion = 17.0.31903.59
MinimumVisualStudioVersion = 10.0.40219.1
Project("{FAE04EC0-301F-11D3-BF4B-00C04F79EFBC}") = "Oip", "Oip\Oip.csproj", "{672A7BED-699B-486C-A0FC-F066AC588A7B}"
EndProject
Project("{FAE04EC0-301F-11D3-BF4B-00C04F79EFBC}") = "Oip.Module.Example", "Oip.Module.Example\Oip.Module.Example.csproj", "{2F562F31-B36E-4EC8-8F54-4F19F11D73B2}"
EndProject
Project("{2150E333-8FDC-42A3-9474-1A3956D46DE8}") = "SolutionFile", "SolutionFile", "{8A10B92E-9699-4796-AE1A-119AE3816ED0}"
	ProjectSection(SolutionItems) = preProject
		README.md = README.md
	EndProjectSection
EndProject
Project("{FAE04EC0-301F-11D3-BF4B-00C04F79EFBC}") = "Oip.Base", "Oip.Base\Oip.Base.csproj", "{4D4422DD-26D7-4141-B75E-8AC8AD889FBF}"
EndProject
Project("{2150E333-8FDC-42A3-9474-1A3956D46DE8}") = "Settings", "Settings", "{3E568419-974F-473F-8BB9-E63F5DEAD2F2}"
EndProject
Project("{FAE04EC0-301F-11D3-BF4B-00C04F79EFBC}") = "Oip.Settings", "Oip.Settings\Oip.Settings.csproj", "{D02836BE-B1E7-43D8-90D1-3A9A223DCE27}"
EndProject
Project("{FAE04EC0-301F-11D3-BF4B-00C04F79EFBC}") = "Oip.Settings.Example", "Oip.Settings.Example\Oip.Settings.Example.csproj", "{FA55734F-6ACE-4D48-AC75-64184FCC2942}"
EndProject
Project("{FAE04EC0-301F-11D3-BF4B-00C04F79EFBC}") = "Oip.Settings.Tests", "Oip.Settings.Tests\Oip.Settings.Tests.csproj", "{CE56600D-93FF-4058-A459-D48E4851CE5D}"
EndProject
Project("{2150E333-8FDC-42A3-9474-1A3956D46DE8}") = "Modules", "Modules", "{39A523DD-961A-4EA3-836F-CFC174F06CCF}"
EndProject
Project("{2150E333-8FDC-42A3-9474-1A3956D46DE8}") = "Secutity", "Secutity", "{CB608339-D36D-4C7A-9D74-5FCE63A30D02}"
EndProject
Project("{FAE04EC0-301F-11D3-BF4B-00C04F79EFBC}") = "Oip.Security.UI", "Oip.Security.UI\Oip.Security.UI.csproj", "{56713101-0884-4211-B4EB-5E45BFD13481}"
EndProject
Project("{FAE04EC0-301F-11D3-BF4B-00C04F79EFBC}") = "Oip.Security.Tests", "Oip.Security.Tests\Oip.Security.Tests.csproj", "{296A8EA9-930A-4D7A-8C95-20553AA9A4B2}"
EndProject
Project("{FAE04EC0-301F-11D3-BF4B-00C04F79EFBC}") = "Oip.Security.STS.Identity.Tests", "Oip.Security.STS.Identity.Tests\Oip.Security.STS.Identity.Tests.csproj", "{0461053F-99F4-4991-8444-C37D88B5D456}"
EndProject
Project("{FAE04EC0-301F-11D3-BF4B-00C04F79EFBC}") = "Oip.Security.STS.Identity", "Oip.Security.STS.Identity\Oip.Security.STS.Identity.csproj", "{3406D9E6-1AC6-4B89-9C95-A49FFBF6ABBC}"
EndProject
Project("{FAE04EC0-301F-11D3-BF4B-00C04F79EFBC}") = "Oip.Security.IntegrationTests", "Oip.Security.IntegrationTests\Oip.Security.IntegrationTests.csproj", "{481C2602-54DD-476F-8035-78E5A1664813}"
EndProject
Project("{FAE04EC0-301F-11D3-BF4B-00C04F79EFBC}") = "Oip.Security.Dal.SqlServer", "Oip.Security.Dal.SqlServer\Oip.Security.Dal.SqlServer.csproj", "{A5D6C9A2-1302-4918-A86D-08656CD5CA32}"
EndProject
Project("{FAE04EC0-301F-11D3-BF4B-00C04F79EFBC}") = "Oip.Security.Dal.Sqlite", "Oip.Security.Dal.Sqlite\Oip.Security.Dal.Sqlite.csproj", "{D300AECB-FCC7-4D92-A310-4643673D5B1D}"
EndProject
Project("{FAE04EC0-301F-11D3-BF4B-00C04F79EFBC}") = "Oip.Security.Dal.PostgreSql", "Oip.Security.Dal.PostgreSql\Oip.Security.Dal.PostgreSql.csproj", "{E8C4ECCB-B947-4092-993D-DD44939FECA3}"
EndProject
Project("{FAE04EC0-301F-11D3-BF4B-00C04F79EFBC}") = "Oip.Security.Dal.MySql", "Oip.Security.Dal.MySql\Oip.Security.Dal.MySql.csproj", "{E19BA900-7ABD-4FF4-AC54-DAD333F0303C}"
EndProject
Project("{FAE04EC0-301F-11D3-BF4B-00C04F79EFBC}") = "Oip.Security.Dal", "Oip.Security.Dal\Oip.Security.Dal.csproj", "{0507363B-DF6F-48DD-B8D9-52B1D2EF42D6}"
EndProject
Project("{FAE04EC0-301F-11D3-BF4B-00C04F79EFBC}") = "Oip.Security.Common", "Oip.Security.Common\Oip.Security.Common.csproj", "{A1D8D3E4-99E3-429E-A9C3-C6F8A77933DB}"
EndProject
Project("{FAE04EC0-301F-11D3-BF4B-00C04F79EFBC}") = "Oip.Security.Bl", "Oip.Security.Bl\Oip.Security.Bl.csproj", "{FC6F69B4-0F4B-4E2F-8B0B-1A5B58B96C1A}"
EndProject
Project("{FAE04EC0-301F-11D3-BF4B-00C04F79EFBC}") = "Oip.Security.Api.Tests", "Oip.Security.Api.Tests\Oip.Security.Api.Tests.csproj", "{C15E2815-55E8-4B6F-B668-38B36DBCCCF9}"
EndProject
Project("{FAE04EC0-301F-11D3-BF4B-00C04F79EFBC}") = "Oip.Security.Api", "Oip.Security.Api\Oip.Security.Api.csproj", "{5405F38D-F76A-48D2-97AA-2CC20F1B1D08}"
EndProject
Project("{FAE04EC0-301F-11D3-BF4B-00C04F79EFBC}") = "Oip.Security", "Oip.Security\Oip.Security.csproj", "{474E841C-59C8-4008-A6C0-1F30D7D5A2E3}"
EndProject
Global
	GlobalSection(SolutionConfigurationPlatforms) = preSolution
		Debug|Any CPU = Debug|Any CPU
		Release|Any CPU = Release|Any CPU
	EndGlobalSection
	GlobalSection(SolutionProperties) = preSolution
		HideSolutionNode = FALSE
	EndGlobalSection
	GlobalSection(ProjectConfigurationPlatforms) = postSolution
		{672A7BED-699B-486C-A0FC-F066AC588A7B}.Debug|Any CPU.ActiveCfg = Debug|Any CPU
		{672A7BED-699B-486C-A0FC-F066AC588A7B}.Debug|Any CPU.Build.0 = Debug|Any CPU
		{672A7BED-699B-486C-A0FC-F066AC588A7B}.Release|Any CPU.ActiveCfg = Release|Any CPU
		{672A7BED-699B-486C-A0FC-F066AC588A7B}.Release|Any CPU.Build.0 = Release|Any CPU
		{2F562F31-B36E-4EC8-8F54-4F19F11D73B2}.Debug|Any CPU.ActiveCfg = Debug|Any CPU
		{2F562F31-B36E-4EC8-8F54-4F19F11D73B2}.Debug|Any CPU.Build.0 = Debug|Any CPU
		{2F562F31-B36E-4EC8-8F54-4F19F11D73B2}.Release|Any CPU.ActiveCfg = Release|Any CPU
		{2F562F31-B36E-4EC8-8F54-4F19F11D73B2}.Release|Any CPU.Build.0 = Release|Any CPU
		{4D4422DD-26D7-4141-B75E-8AC8AD889FBF}.Debug|Any CPU.ActiveCfg = Debug|Any CPU
		{4D4422DD-26D7-4141-B75E-8AC8AD889FBF}.Debug|Any CPU.Build.0 = Debug|Any CPU
		{4D4422DD-26D7-4141-B75E-8AC8AD889FBF}.Release|Any CPU.ActiveCfg = Release|Any CPU
		{4D4422DD-26D7-4141-B75E-8AC8AD889FBF}.Release|Any CPU.Build.0 = Release|Any CPU
		{D02836BE-B1E7-43D8-90D1-3A9A223DCE27}.Debug|Any CPU.ActiveCfg = Debug|Any CPU
		{D02836BE-B1E7-43D8-90D1-3A9A223DCE27}.Debug|Any CPU.Build.0 = Debug|Any CPU
		{D02836BE-B1E7-43D8-90D1-3A9A223DCE27}.Release|Any CPU.ActiveCfg = Release|Any CPU
		{D02836BE-B1E7-43D8-90D1-3A9A223DCE27}.Release|Any CPU.Build.0 = Release|Any CPU
		{FA55734F-6ACE-4D48-AC75-64184FCC2942}.Debug|Any CPU.ActiveCfg = Debug|Any CPU
		{FA55734F-6ACE-4D48-AC75-64184FCC2942}.Debug|Any CPU.Build.0 = Debug|Any CPU
		{FA55734F-6ACE-4D48-AC75-64184FCC2942}.Release|Any CPU.ActiveCfg = Release|Any CPU
		{FA55734F-6ACE-4D48-AC75-64184FCC2942}.Release|Any CPU.Build.0 = Release|Any CPU
		{CE56600D-93FF-4058-A459-D48E4851CE5D}.Debug|Any CPU.ActiveCfg = Debug|Any CPU
		{CE56600D-93FF-4058-A459-D48E4851CE5D}.Debug|Any CPU.Build.0 = Debug|Any CPU
		{CE56600D-93FF-4058-A459-D48E4851CE5D}.Release|Any CPU.ActiveCfg = Release|Any CPU
		{CE56600D-93FF-4058-A459-D48E4851CE5D}.Release|Any CPU.Build.0 = Release|Any CPU
		{56713101-0884-4211-B4EB-5E45BFD13481}.Debug|Any CPU.ActiveCfg = Debug|Any CPU
		{56713101-0884-4211-B4EB-5E45BFD13481}.Debug|Any CPU.Build.0 = Debug|Any CPU
		{56713101-0884-4211-B4EB-5E45BFD13481}.Release|Any CPU.ActiveCfg = Release|Any CPU
		{56713101-0884-4211-B4EB-5E45BFD13481}.Release|Any CPU.Build.0 = Release|Any CPU
		{296A8EA9-930A-4D7A-8C95-20553AA9A4B2}.Debug|Any CPU.ActiveCfg = Debug|Any CPU
		{296A8EA9-930A-4D7A-8C95-20553AA9A4B2}.Debug|Any CPU.Build.0 = Debug|Any CPU
		{296A8EA9-930A-4D7A-8C95-20553AA9A4B2}.Release|Any CPU.ActiveCfg = Release|Any CPU
		{296A8EA9-930A-4D7A-8C95-20553AA9A4B2}.Release|Any CPU.Build.0 = Release|Any CPU
		{0461053F-99F4-4991-8444-C37D88B5D456}.Debug|Any CPU.ActiveCfg = Debug|Any CPU
		{0461053F-99F4-4991-8444-C37D88B5D456}.Debug|Any CPU.Build.0 = Debug|Any CPU
		{0461053F-99F4-4991-8444-C37D88B5D456}.Release|Any CPU.ActiveCfg = Release|Any CPU
		{0461053F-99F4-4991-8444-C37D88B5D456}.Release|Any CPU.Build.0 = Release|Any CPU
		{3406D9E6-1AC6-4B89-9C95-A49FFBF6ABBC}.Debug|Any CPU.ActiveCfg = Debug|Any CPU
		{3406D9E6-1AC6-4B89-9C95-A49FFBF6ABBC}.Debug|Any CPU.Build.0 = Debug|Any CPU
		{3406D9E6-1AC6-4B89-9C95-A49FFBF6ABBC}.Release|Any CPU.ActiveCfg = Release|Any CPU
		{3406D9E6-1AC6-4B89-9C95-A49FFBF6ABBC}.Release|Any CPU.Build.0 = Release|Any CPU
		{481C2602-54DD-476F-8035-78E5A1664813}.Debug|Any CPU.ActiveCfg = Debug|Any CPU
		{481C2602-54DD-476F-8035-78E5A1664813}.Debug|Any CPU.Build.0 = Debug|Any CPU
		{481C2602-54DD-476F-8035-78E5A1664813}.Release|Any CPU.ActiveCfg = Release|Any CPU
		{481C2602-54DD-476F-8035-78E5A1664813}.Release|Any CPU.Build.0 = Release|Any CPU
		{A5D6C9A2-1302-4918-A86D-08656CD5CA32}.Debug|Any CPU.ActiveCfg = Debug|Any CPU
		{A5D6C9A2-1302-4918-A86D-08656CD5CA32}.Debug|Any CPU.Build.0 = Debug|Any CPU
		{A5D6C9A2-1302-4918-A86D-08656CD5CA32}.Release|Any CPU.ActiveCfg = Release|Any CPU
		{A5D6C9A2-1302-4918-A86D-08656CD5CA32}.Release|Any CPU.Build.0 = Release|Any CPU
		{D300AECB-FCC7-4D92-A310-4643673D5B1D}.Debug|Any CPU.ActiveCfg = Debug|Any CPU
		{D300AECB-FCC7-4D92-A310-4643673D5B1D}.Debug|Any CPU.Build.0 = Debug|Any CPU
		{D300AECB-FCC7-4D92-A310-4643673D5B1D}.Release|Any CPU.ActiveCfg = Release|Any CPU
		{D300AECB-FCC7-4D92-A310-4643673D5B1D}.Release|Any CPU.Build.0 = Release|Any CPU
		{E8C4ECCB-B947-4092-993D-DD44939FECA3}.Debug|Any CPU.ActiveCfg = Debug|Any CPU
		{E8C4ECCB-B947-4092-993D-DD44939FECA3}.Debug|Any CPU.Build.0 = Debug|Any CPU
		{E8C4ECCB-B947-4092-993D-DD44939FECA3}.Release|Any CPU.ActiveCfg = Release|Any CPU
		{E8C4ECCB-B947-4092-993D-DD44939FECA3}.Release|Any CPU.Build.0 = Release|Any CPU
		{E19BA900-7ABD-4FF4-AC54-DAD333F0303C}.Debug|Any CPU.ActiveCfg = Debug|Any CPU
		{E19BA900-7ABD-4FF4-AC54-DAD333F0303C}.Debug|Any CPU.Build.0 = Debug|Any CPU
		{E19BA900-7ABD-4FF4-AC54-DAD333F0303C}.Release|Any CPU.ActiveCfg = Release|Any CPU
		{E19BA900-7ABD-4FF4-AC54-DAD333F0303C}.Release|Any CPU.Build.0 = Release|Any CPU
		{0507363B-DF6F-48DD-B8D9-52B1D2EF42D6}.Debug|Any CPU.ActiveCfg = Debug|Any CPU
		{0507363B-DF6F-48DD-B8D9-52B1D2EF42D6}.Debug|Any CPU.Build.0 = Debug|Any CPU
		{0507363B-DF6F-48DD-B8D9-52B1D2EF42D6}.Release|Any CPU.ActiveCfg = Release|Any CPU
		{0507363B-DF6F-48DD-B8D9-52B1D2EF42D6}.Release|Any CPU.Build.0 = Release|Any CPU
		{A1D8D3E4-99E3-429E-A9C3-C6F8A77933DB}.Debug|Any CPU.ActiveCfg = Debug|Any CPU
		{A1D8D3E4-99E3-429E-A9C3-C6F8A77933DB}.Debug|Any CPU.Build.0 = Debug|Any CPU
		{A1D8D3E4-99E3-429E-A9C3-C6F8A77933DB}.Release|Any CPU.ActiveCfg = Release|Any CPU
		{A1D8D3E4-99E3-429E-A9C3-C6F8A77933DB}.Release|Any CPU.Build.0 = Release|Any CPU
		{FC6F69B4-0F4B-4E2F-8B0B-1A5B58B96C1A}.Debug|Any CPU.ActiveCfg = Debug|Any CPU
		{FC6F69B4-0F4B-4E2F-8B0B-1A5B58B96C1A}.Debug|Any CPU.Build.0 = Debug|Any CPU
		{FC6F69B4-0F4B-4E2F-8B0B-1A5B58B96C1A}.Release|Any CPU.ActiveCfg = Release|Any CPU
		{FC6F69B4-0F4B-4E2F-8B0B-1A5B58B96C1A}.Release|Any CPU.Build.0 = Release|Any CPU
		{C15E2815-55E8-4B6F-B668-38B36DBCCCF9}.Debug|Any CPU.ActiveCfg = Debug|Any CPU
		{C15E2815-55E8-4B6F-B668-38B36DBCCCF9}.Debug|Any CPU.Build.0 = Debug|Any CPU
		{C15E2815-55E8-4B6F-B668-38B36DBCCCF9}.Release|Any CPU.ActiveCfg = Release|Any CPU
		{C15E2815-55E8-4B6F-B668-38B36DBCCCF9}.Release|Any CPU.Build.0 = Release|Any CPU
		{5405F38D-F76A-48D2-97AA-2CC20F1B1D08}.Debug|Any CPU.ActiveCfg = Debug|Any CPU
		{5405F38D-F76A-48D2-97AA-2CC20F1B1D08}.Debug|Any CPU.Build.0 = Debug|Any CPU
		{5405F38D-F76A-48D2-97AA-2CC20F1B1D08}.Release|Any CPU.ActiveCfg = Release|Any CPU
		{5405F38D-F76A-48D2-97AA-2CC20F1B1D08}.Release|Any CPU.Build.0 = Release|Any CPU
		{474E841C-59C8-4008-A6C0-1F30D7D5A2E3}.Debug|Any CPU.ActiveCfg = Debug|Any CPU
		{474E841C-59C8-4008-A6C0-1F30D7D5A2E3}.Debug|Any CPU.Build.0 = Debug|Any CPU
		{474E841C-59C8-4008-A6C0-1F30D7D5A2E3}.Release|Any CPU.ActiveCfg = Release|Any CPU
		{474E841C-59C8-4008-A6C0-1F30D7D5A2E3}.Release|Any CPU.Build.0 = Release|Any CPU
	EndGlobalSection
	GlobalSection(NestedProjects) = preSolution
		{D02836BE-B1E7-43D8-90D1-3A9A223DCE27} = {3E568419-974F-473F-8BB9-E63F5DEAD2F2}
		{FA55734F-6ACE-4D48-AC75-64184FCC2942} = {3E568419-974F-473F-8BB9-E63F5DEAD2F2}
		{CE56600D-93FF-4058-A459-D48E4851CE5D} = {3E568419-974F-473F-8BB9-E63F5DEAD2F2}
		{2F562F31-B36E-4EC8-8F54-4F19F11D73B2} = {39A523DD-961A-4EA3-836F-CFC174F06CCF}
		{56713101-0884-4211-B4EB-5E45BFD13481} = {CB608339-D36D-4C7A-9D74-5FCE63A30D02}
		{296A8EA9-930A-4D7A-8C95-20553AA9A4B2} = {CB608339-D36D-4C7A-9D74-5FCE63A30D02}
		{0461053F-99F4-4991-8444-C37D88B5D456} = {CB608339-D36D-4C7A-9D74-5FCE63A30D02}
		{3406D9E6-1AC6-4B89-9C95-A49FFBF6ABBC} = {CB608339-D36D-4C7A-9D74-5FCE63A30D02}
		{481C2602-54DD-476F-8035-78E5A1664813} = {CB608339-D36D-4C7A-9D74-5FCE63A30D02}
		{A5D6C9A2-1302-4918-A86D-08656CD5CA32} = {CB608339-D36D-4C7A-9D74-5FCE63A30D02}
		{D300AECB-FCC7-4D92-A310-4643673D5B1D} = {CB608339-D36D-4C7A-9D74-5FCE63A30D02}
		{E8C4ECCB-B947-4092-993D-DD44939FECA3} = {CB608339-D36D-4C7A-9D74-5FCE63A30D02}
		{E19BA900-7ABD-4FF4-AC54-DAD333F0303C} = {CB608339-D36D-4C7A-9D74-5FCE63A30D02}
		{0507363B-DF6F-48DD-B8D9-52B1D2EF42D6} = {CB608339-D36D-4C7A-9D74-5FCE63A30D02}
		{A1D8D3E4-99E3-429E-A9C3-C6F8A77933DB} = {CB608339-D36D-4C7A-9D74-5FCE63A30D02}
		{FC6F69B4-0F4B-4E2F-8B0B-1A5B58B96C1A} = {CB608339-D36D-4C7A-9D74-5FCE63A30D02}
		{C15E2815-55E8-4B6F-B668-38B36DBCCCF9} = {CB608339-D36D-4C7A-9D74-5FCE63A30D02}
		{5405F38D-F76A-48D2-97AA-2CC20F1B1D08} = {CB608339-D36D-4C7A-9D74-5FCE63A30D02}
		{474E841C-59C8-4008-A6C0-1F30D7D5A2E3} = {CB608339-D36D-4C7A-9D74-5FCE63A30D02}
	EndGlobalSection
EndGlobal
