
Microsoft Visual Studio Solution File, Format Version 12.00
# Visual Studio Version 17
VisualStudioVersion = 17.0.31903.59
MinimumVisualStudioVersion = 10.0.40219.1
Project("{FAE04EC0-301F-11D3-BF4B-00C04F79EFBC}") = "Oip", "Oip\Oip.csproj", "{672A7BED-699B-486C-A0FC-F066AC588A7B}"
EndProject
Project("{FAE04EC0-301F-11D3-BF4B-00C04F79EFBC}") = "Oip.Base", "Oip.Base\Oip.Base.csproj", "{4D4422DD-26D7-4141-B75E-8AC8AD889FBF}"
EndProject
Project("{2150E333-8FDC-42A3-9474-1A3956D46DE8}") = "Settings", "Settings", "{3E568419-974F-473F-8BB9-E63F5DEAD2F2}"
EndProject
Project("{FAE04EC0-301F-11D3-BF4B-00C04F79EFBC}") = "Oip.Settings", "Oip.Settings\Oip.Settings.csproj", "{D02836BE-B1E7-43D8-90D1-3A9A223DCE27}"
EndProject
Project("{FAE04EC0-301F-11D3-BF4B-00C04F79EFBC}") = "Oip.Settings.Example", "Oip.Settings.Example\Oip.Settings.Example.csproj", "{FA55734F-6ACE-4D48-AC75-64184FCC2942}"
EndProject
Project("{FAE04EC0-301F-11D3-BF4B-00C04F79EFBC}") = "Oip.Settings.Tests", "Oip.Settings.Tests\Oip.Settings.Tests.csproj", "{CE56600D-93FF-4058-A459-D48E4851CE5D}"
EndProject
Project("{FAE04EC0-301F-11D3-BF4B-00C04F79EFBC}") = "Oip.Base.Data", "Oip.Base.Data\Oip.Base.Data.csproj", "{4E4CB991-0520-499F-8493-58AA2336E8EB}"
EndProject
Project("{FAE04EC0-301F-11D3-BF4B-00C04F79EFBC}") = "Oip.Test", "Oip.Test\Oip.Test.csproj", "{F7A3FECC-68CE-49BB-9B14-F77300D63059}"
EndProject
Project("{54A90642-561A-4BB1-A94E-469ADEE60C69}") = "Oip.WebClient", "Oip.WebClient\Oip.WebClient.esproj", "{80572089-9BDE-4D4E-A566-E1DC3D822E5E}"
EndProject
Project("{2150E333-8FDC-42A3-9474-1A3956D46DE8}") = "Rtds", "Rtds", "{5019271F-8CBB-40CB-B695-2CECE2924DE9}"
EndProject
Project("{FAE04EC0-301F-11D3-BF4B-00C04F79EFBC}") = "Oip.Rtds", "Oip.Rtds\Oip.Rtds.csproj", "{181D9C29-D6FF-484F-B10D-41FC25B139BA}"
EndProject
Project("{FAE04EC0-301F-11D3-BF4B-00C04F79EFBC}") = "Oip.Rtds.RandomInterface", "Oip.Rtds.RandomInterface\Oip.Rtds.RandomInterface.csproj", "{84B5106D-A206-40F7-AF1E-5761AF7C2C5D}"
EndProject
Project("{2150E333-8FDC-42A3-9474-1A3956D46DE8}") = "Tools", "Tools", "{20FB5A06-4C4F-4EA3-BC3B-9975A648AE31}"
EndProject
Project("{FAE04EC0-301F-11D3-BF4B-00C04F79EFBC}") = "Oip.CodeReview", "Oip.CodeReview\Oip.CodeReview.csproj", "{4A0A6CC5-AB1B-4950-A18A-2373FEBED8A9}"
EndProject
Project("{FAE04EC0-301F-11D3-BF4B-00C04F79EFBC}") = "Oip.UiTest", "Oip.UiTest\Oip.UiTest.csproj", "{5073B530-6884-4633-AF91-7FEE260F72D7}"
EndProject
Project("{2150E333-8FDC-42A3-9474-1A3956D46DE8}") = "Users", "Users", "{B4FCF682-5CFE-4C94-9A02-12933603DAEB}"
EndProject
Project("{FAE04EC0-301F-11D3-BF4B-00C04F79EFBC}") = "Oip.Users", "Oip.Users\Oip.Users.csproj", "{5545577D-59E8-45D6-A86D-36BA1B45108C}"
EndProject
Project("{FAE04EC0-301F-11D3-BF4B-00C04F79EFBC}") = "Oip.Rtds.Data", "Oip.Rtds.Data\Oip.Rtds.Data.csproj", "{7CC2F3B3-1AE4-4B6F-AE50-44913125CBEA}"
EndProject
Project("{FAE04EC0-301F-11D3-BF4B-00C04F79EFBC}") = "Oip.Rtds.Base", "Oip.Rtds.Base\Oip.Rtds.Base.csproj", "{079916C4-6435-4C54-9698-FE8472FB7A0E}"
EndProject
Project("{FAE04EC0-301F-11D3-BF4B-00C04F79EFBC}") = "Oip.Rtds.Test", "Oip.Rtds.Test\Oip.Rtds.Test.csproj", "{D5B77332-0964-43A7-9BCC-A05CB2E54286}"
EndProject
Global
	GlobalSection(SolutionConfigurationPlatforms) = preSolution
		Debug|Any CPU = Debug|Any CPU
		Release|Any CPU = Release|Any CPU
	EndGlobalSection
	GlobalSection(SolutionProperties) = preSolution
		HideSolutionNode = FALSE
	EndGlobalSection
	GlobalSection(ProjectConfigurationPlatforms) = postSolution
		{672A7BED-699B-486C-A0FC-F066AC588A7B}.Debug|Any CPU.ActiveCfg = Debug|Any CPU
		{672A7BED-699B-486C-A0FC-F066AC588A7B}.Debug|Any CPU.Build.0 = Debug|Any CPU
		{672A7BED-699B-486C-A0FC-F066AC588A7B}.Release|Any CPU.ActiveCfg = Release|Any CPU
		{672A7BED-699B-486C-A0FC-F066AC588A7B}.Release|Any CPU.Build.0 = Release|Any CPU
		{4D4422DD-26D7-4141-B75E-8AC8AD889FBF}.Debug|Any CPU.ActiveCfg = Debug|Any CPU
		{4D4422DD-26D7-4141-B75E-8AC8AD889FBF}.Debug|Any CPU.Build.0 = Debug|Any CPU
		{4D4422DD-26D7-4141-B75E-8AC8AD889FBF}.Release|Any CPU.ActiveCfg = Release|Any CPU
		{4D4422DD-26D7-4141-B75E-8AC8AD889FBF}.Release|Any CPU.Build.0 = Release|Any CPU
		{D02836BE-B1E7-43D8-90D1-3A9A223DCE27}.Debug|Any CPU.ActiveCfg = Debug|Any CPU
		{D02836BE-B1E7-43D8-90D1-3A9A223DCE27}.Debug|Any CPU.Build.0 = Debug|Any CPU
		{D02836BE-B1E7-43D8-90D1-3A9A223DCE27}.Release|Any CPU.ActiveCfg = Release|Any CPU
		{D02836BE-B1E7-43D8-90D1-3A9A223DCE27}.Release|Any CPU.Build.0 = Release|Any CPU
		{FA55734F-6ACE-4D48-AC75-64184FCC2942}.Debug|Any CPU.ActiveCfg = Debug|Any CPU
		{FA55734F-6ACE-4D48-AC75-64184FCC2942}.Debug|Any CPU.Build.0 = Debug|Any CPU
		{FA55734F-6ACE-4D48-AC75-64184FCC2942}.Release|Any CPU.ActiveCfg = Release|Any CPU
		{FA55734F-6ACE-4D48-AC75-64184FCC2942}.Release|Any CPU.Build.0 = Release|Any CPU
		{CE56600D-93FF-4058-A459-D48E4851CE5D}.Debug|Any CPU.ActiveCfg = Debug|Any CPU
		{CE56600D-93FF-4058-A459-D48E4851CE5D}.Debug|Any CPU.Build.0 = Debug|Any CPU
		{CE56600D-93FF-4058-A459-D48E4851CE5D}.Release|Any CPU.ActiveCfg = Release|Any CPU
		{CE56600D-93FF-4058-A459-D48E4851CE5D}.Release|Any CPU.Build.0 = Release|Any CPU
		{4E4CB991-0520-499F-8493-58AA2336E8EB}.Debug|Any CPU.ActiveCfg = Debug|Any CPU
		{4E4CB991-0520-499F-8493-58AA2336E8EB}.Debug|Any CPU.Build.0 = Debug|Any CPU
		{4E4CB991-0520-499F-8493-58AA2336E8EB}.Release|Any CPU.ActiveCfg = Release|Any CPU
		{4E4CB991-0520-499F-8493-58AA2336E8EB}.Release|Any CPU.Build.0 = Release|Any CPU
		{F7A3FECC-68CE-49BB-9B14-F77300D63059}.Debug|Any CPU.ActiveCfg = Debug|Any CPU
		{F7A3FECC-68CE-49BB-9B14-F77300D63059}.Debug|Any CPU.Build.0 = Debug|Any CPU
		{F7A3FECC-68CE-49BB-9B14-F77300D63059}.Release|Any CPU.ActiveCfg = Release|Any CPU
		{F7A3FECC-68CE-49BB-9B14-F77300D63059}.Release|Any CPU.Build.0 = Release|Any CPU
		{80572089-9BDE-4D4E-A566-E1DC3D822E5E}.Debug|Any CPU.ActiveCfg = Debug|Any CPU
		{80572089-9BDE-4D4E-A566-E1DC3D822E5E}.Debug|Any CPU.Build.0 = Debug|Any CPU
		{80572089-9BDE-4D4E-A566-E1DC3D822E5E}.Release|Any CPU.ActiveCfg = Debug|Any CPU
		{80572089-9BDE-4D4E-A566-E1DC3D822E5E}.Release|Any CPU.Build.0 = Debug|Any CPU
		{181D9C29-D6FF-484F-B10D-41FC25B139BA}.Debug|Any CPU.ActiveCfg = Debug|Any CPU
		{181D9C29-D6FF-484F-B10D-41FC25B139BA}.Debug|Any CPU.Build.0 = Debug|Any CPU
		{181D9C29-D6FF-484F-B10D-41FC25B139BA}.Release|Any CPU.ActiveCfg = Release|Any CPU
		{181D9C29-D6FF-484F-B10D-41FC25B139BA}.Release|Any CPU.Build.0 = Release|Any CPU
		{84B5106D-A206-40F7-AF1E-5761AF7C2C5D}.Debug|Any CPU.ActiveCfg = Debug|Any CPU
		{84B5106D-A206-40F7-AF1E-5761AF7C2C5D}.Debug|Any CPU.Build.0 = Debug|Any CPU
		{84B5106D-A206-40F7-AF1E-5761AF7C2C5D}.Release|Any CPU.ActiveCfg = Release|Any CPU
		{84B5106D-A206-40F7-AF1E-5761AF7C2C5D}.Release|Any CPU.Build.0 = Release|Any CPU
		{4A0A6CC5-AB1B-4950-A18A-2373FEBED8A9}.Debug|Any CPU.ActiveCfg = Debug|Any CPU
		{4A0A6CC5-AB1B-4950-A18A-2373FEBED8A9}.Debug|Any CPU.Build.0 = Debug|Any CPU
		{4A0A6CC5-AB1B-4950-A18A-2373FEBED8A9}.Release|Any CPU.ActiveCfg = Release|Any CPU
		{4A0A6CC5-AB1B-4950-A18A-2373FEBED8A9}.Release|Any CPU.Build.0 = Release|Any CPU
		{5073B530-6884-4633-AF91-7FEE260F72D7}.Debug|Any CPU.ActiveCfg = Debug|Any CPU
		{5073B530-6884-4633-AF91-7FEE260F72D7}.Debug|Any CPU.Build.0 = Debug|Any CPU
		{5073B530-6884-4633-AF91-7FEE260F72D7}.Release|Any CPU.ActiveCfg = Release|Any CPU
		{5073B530-6884-4633-AF91-7FEE260F72D7}.Release|Any CPU.Build.0 = Release|Any CPU
		{5545577D-59E8-45D6-A86D-36BA1B45108C}.Debug|Any CPU.ActiveCfg = Debug|Any CPU
		{5545577D-59E8-45D6-A86D-36BA1B45108C}.Debug|Any CPU.Build.0 = Debug|Any CPU
		{5545577D-59E8-45D6-A86D-36BA1B45108C}.Release|Any CPU.ActiveCfg = Release|Any CPU
		{5545577D-59E8-45D6-A86D-36BA1B45108C}.Release|Any CPU.Build.0 = Release|Any CPU
		{7CC2F3B3-1AE4-4B6F-AE50-44913125CBEA}.Debug|Any CPU.ActiveCfg = Debug|Any CPU
		{7CC2F3B3-1AE4-4B6F-AE50-44913125CBEA}.Debug|Any CPU.Build.0 = Debug|Any CPU
		{7CC2F3B3-1AE4-4B6F-AE50-44913125CBEA}.Release|Any CPU.ActiveCfg = Release|Any CPU
		{7CC2F3B3-1AE4-4B6F-AE50-44913125CBEA}.Release|Any CPU.Build.0 = Release|Any CPU
		{079916C4-6435-4C54-9698-FE8472FB7A0E}.Debug|Any CPU.ActiveCfg = Debug|Any CPU
		{079916C4-6435-4C54-9698-FE8472FB7A0E}.Debug|Any CPU.Build.0 = Debug|Any CPU
		{079916C4-6435-4C54-9698-FE8472FB7A0E}.Release|Any CPU.ActiveCfg = Release|Any CPU
		{079916C4-6435-4C54-9698-FE8472FB7A0E}.Release|Any CPU.Build.0 = Release|Any CPU
		{D5B77332-0964-43A7-9BCC-A05CB2E54286}.Debug|Any CPU.ActiveCfg = Debug|Any CPU
		{D5B77332-0964-43A7-9BCC-A05CB2E54286}.Debug|Any CPU.Build.0 = Debug|Any CPU
		{D5B77332-0964-43A7-9BCC-A05CB2E54286}.Release|Any CPU.ActiveCfg = Release|Any CPU
		{D5B77332-0964-43A7-9BCC-A05CB2E54286}.Release|Any CPU.Build.0 = Release|Any CPU
	EndGlobalSection
	GlobalSection(NestedProjects) = preSolution
		{D02836BE-B1E7-43D8-90D1-3A9A223DCE27} = {3E568419-974F-473F-8BB9-E63F5DEAD2F2}
		{FA55734F-6ACE-4D48-AC75-64184FCC2942} = {3E568419-974F-473F-8BB9-E63F5DEAD2F2}
		{CE56600D-93FF-4058-A459-D48E4851CE5D} = {3E568419-974F-473F-8BB9-E63F5DEAD2F2}
		{4A0A6CC5-AB1B-4950-A18A-2373FEBED8A9} = {20FB5A06-4C4F-4EA3-BC3B-9975A648AE31}
		{181D9C29-D6FF-484F-B10D-41FC25B139BA} = {5019271F-8CBB-40CB-B695-2CECE2924DE9}
		{84B5106D-A206-40F7-AF1E-5761AF7C2C5D} = {5019271F-8CBB-40CB-B695-2CECE2924DE9}
		{5545577D-59E8-45D6-A86D-36BA1B45108C} = {B4FCF682-5CFE-4C94-9A02-12933603DAEB}
		{7CC2F3B3-1AE4-4B6F-AE50-44913125CBEA} = {5019271F-8CBB-40CB-B695-2CECE2924DE9}
		{079916C4-6435-4C54-9698-FE8472FB7A0E} = {5019271F-8CBB-40CB-B695-2CECE2924DE9}
		{D5B77332-0964-43A7-9BCC-A05CB2E54286} = {5019271F-8CBB-40CB-B695-2CECE2924DE9}
	EndGlobalSection
EndGlobal
